
Microsoft Visual Studio Solution File, Format Version 12.00
# Visual Studio Version 17
VisualStudioVersion = 17.12.35527.113
MinimumVisualStudioVersion = 10.0.40219.1
Project("{FAE04EC0-301F-11D3-BF4B-00C04F79EFBC}") = "Lab4", "Lab03\Lab4.csproj", "{ACC78ED4-953C-4F9D-94DC-342D1DE0C444}"
EndProject
Global
	GlobalSection(SolutionConfigurationPlatforms) = preSolution
		Debug|Any CPU = Debug|Any CPU
		Release|Any CPU = Release|Any CPU
	EndGlobalSection
	GlobalSection(ProjectConfigurationPlatforms) = postSolution
		{ACC78ED4-953C-4F9D-94DC-342D1DE0C444}.Debug|Any CPU.ActiveCfg = Debug|Any CPU
		{ACC78ED4-953C-4F9D-94DC-342D1DE0C444}.Debug|Any CPU.Build.0 = Debug|Any CPU
		{ACC78ED4-953C-4F9D-94DC-342D1DE0C444}.Release|Any CPU.ActiveCfg = Release|Any CPU
		{ACC78ED4-953C-4F9D-94DC-342D1DE0C444}.Release|Any CPU.Build.0 = Release|Any CPU
	EndGlobalSection
	GlobalSection(SolutionProperties) = preSolution
		HideSolutionNode = FALSE
	EndGlobalSection
EndGlobal
